// !$*UTF8*$!
{
	archiveVersion = 1;
	classes = {
	};
	objectVersion = 56;
	objects = {

/* Begin PBXBuildFile section */
		1EB30B312AB9BF7F009BA025 /* Nuke in Frameworks */ = {isa = PBXBuildFile; productRef = 1EB30B302AB9BF7F009BA025 /* Nuke */; };
		1EB30B332AB9BF7F009BA025 /* NukeExtensions in Frameworks */ = {isa = PBXBuildFile; productRef = 1EB30B322AB9BF7F009BA025 /* NukeExtensions */; };
		1EB30B352AB9BF7F009BA025 /* NukeUI in Frameworks */ = {isa = PBXBuildFile; productRef = 1EB30B342AB9BF7F009BA025 /* NukeUI */; };
		1EB30B382AB9BFBD009BA025 /* Alamofire in Frameworks */ = {isa = PBXBuildFile; productRef = 1EB30B372AB9BFBD009BA025 /* Alamofire */; };
		1EB30B3E2AB9C140009BA025 /* FeedViewImageManager.swift in Sources */ = {isa = PBXBuildFile; fileRef = 1EB30B3D2AB9C140009BA025 /* FeedViewImageManager.swift */; };
		1EB30B412AB9C2E4009BA025 /* FeedImage.swift in Sources */ = {isa = PBXBuildFile; fileRef = 1EB30B402AB9C2E4009BA025 /* FeedImage.swift */; };
		1ED879472AAB7F7900ED6D67 /* UnsplashAppApp.swift in Sources */ = {isa = PBXBuildFile; fileRef = 1ED879462AAB7F7900ED6D67 /* UnsplashAppApp.swift */; };
		1ED879492AAB7F7900ED6D67 /* MainView.swift in Sources */ = {isa = PBXBuildFile; fileRef = 1ED879482AAB7F7900ED6D67 /* MainView.swift */; };
		1ED8794B2AAB7F7A00ED6D67 /* Assets.xcassets in Resources */ = {isa = PBXBuildFile; fileRef = 1ED8794A2AAB7F7A00ED6D67 /* Assets.xcassets */; };
		1ED8794E2AAB7F7A00ED6D67 /* Preview Assets.xcassets in Resources */ = {isa = PBXBuildFile; fileRef = 1ED8794D2AAB7F7A00ED6D67 /* Preview Assets.xcassets */; };
		1ED8795A2AAB833000ED6D67 /* LoginView.swift in Sources */ = {isa = PBXBuildFile; fileRef = 1ED879592AAB833000ED6D67 /* LoginView.swift */; };
		1ED8795E2AAB83A000ED6D67 /* FavouriteView.swift in Sources */ = {isa = PBXBuildFile; fileRef = 1ED8795D2AAB83A000ED6D67 /* FavouriteView.swift */; };
		1ED879622AAB83BD00ED6D67 /* ProfileView.swift in Sources */ = {isa = PBXBuildFile; fileRef = 1ED879612AAB83BD00ED6D67 /* ProfileView.swift */; };
		1ED879662AAB83DF00ED6D67 /* FeedView.swift in Sources */ = {isa = PBXBuildFile; fileRef = 1ED879652AAB83DF00ED6D67 /* FeedView.swift */; };
		1ED8796B2AAB848F00ED6D67 /* Constant.swift in Sources */ = {isa = PBXBuildFile; fileRef = 1ED8796A2AAB848F00ED6D67 /* Constant.swift */; };
		1ED8796F2AAB880600ED6D67 /* TabView.swift in Sources */ = {isa = PBXBuildFile; fileRef = 1ED8796E2AAB880600ED6D67 /* TabView.swift */; };
/* End PBXBuildFile section */

/* Begin PBXFileReference section */
		1EB30B3D2AB9C140009BA025 /* FeedViewImageManager.swift */ = {isa = PBXFileReference; lastKnownFileType = sourcecode.swift; path = FeedViewImageManager.swift; sourceTree = "<group>"; };
		1EB30B402AB9C2E4009BA025 /* FeedImage.swift */ = {isa = PBXFileReference; lastKnownFileType = sourcecode.swift; path = FeedImage.swift; sourceTree = "<group>"; };
		1ED879432AAB7F7900ED6D67 /* UnsplashApp.app */ = {isa = PBXFileReference; explicitFileType = wrapper.application; includeInIndex = 0; path = UnsplashApp.app; sourceTree = BUILT_PRODUCTS_DIR; };
		1ED879462AAB7F7900ED6D67 /* UnsplashAppApp.swift */ = {isa = PBXFileReference; lastKnownFileType = sourcecode.swift; path = UnsplashAppApp.swift; sourceTree = "<group>"; };
		1ED879482AAB7F7900ED6D67 /* MainView.swift */ = {isa = PBXFileReference; lastKnownFileType = sourcecode.swift; path = MainView.swift; sourceTree = "<group>"; };
		1ED8794A2AAB7F7A00ED6D67 /* Assets.xcassets */ = {isa = PBXFileReference; lastKnownFileType = folder.assetcatalog; path = Assets.xcassets; sourceTree = "<group>"; };
		1ED8794D2AAB7F7A00ED6D67 /* Preview Assets.xcassets */ = {isa = PBXFileReference; lastKnownFileType = folder.assetcatalog; path = "Preview Assets.xcassets"; sourceTree = "<group>"; };
		1ED879592AAB833000ED6D67 /* LoginView.swift */ = {isa = PBXFileReference; lastKnownFileType = sourcecode.swift; path = LoginView.swift; sourceTree = "<group>"; };
		1ED8795D2AAB83A000ED6D67 /* FavouriteView.swift */ = {isa = PBXFileReference; lastKnownFileType = sourcecode.swift; path = FavouriteView.swift; sourceTree = "<group>"; };
		1ED879612AAB83BD00ED6D67 /* ProfileView.swift */ = {isa = PBXFileReference; lastKnownFileType = sourcecode.swift; path = ProfileView.swift; sourceTree = "<group>"; };
		1ED879652AAB83DF00ED6D67 /* FeedView.swift */ = {isa = PBXFileReference; lastKnownFileType = sourcecode.swift; path = FeedView.swift; sourceTree = "<group>"; };
		1ED8796A2AAB848F00ED6D67 /* Constant.swift */ = {isa = PBXFileReference; lastKnownFileType = sourcecode.swift; path = Constant.swift; sourceTree = "<group>"; };
		1ED8796E2AAB880600ED6D67 /* TabView.swift */ = {isa = PBXFileReference; lastKnownFileType = sourcecode.swift; path = TabView.swift; sourceTree = "<group>"; };
/* End PBXFileReference section */

/* Begin PBXFrameworksBuildPhase section */
		1ED879402AAB7F7900ED6D67 /* Frameworks */ = {
			isa = PBXFrameworksBuildPhase;
			buildActionMask = 2147483647;
			files = (
				1EB30B352AB9BF7F009BA025 /* NukeUI in Frameworks */,
				1EB30B382AB9BFBD009BA025 /* Alamofire in Frameworks */,
				1EB30B312AB9BF7F009BA025 /* Nuke in Frameworks */,
				1EB30B332AB9BF7F009BA025 /* NukeExtensions in Frameworks */,
			);
			runOnlyForDeploymentPostprocessing = 0;
		};
/* End PBXFrameworksBuildPhase section */

/* Begin PBXGroup section */
		1EB30B3C2AB9C130009BA025 /* Manager */ = {
			isa = PBXGroup;
			children = (
				1EB30B3D2AB9C140009BA025 /* FeedViewImageManager.swift */,
			);
			path = Manager;
			sourceTree = "<group>";
		};
		1EB30B3F2AB9C2DE009BA025 /* Model */ = {
			isa = PBXGroup;
			children = (
				1EB30B402AB9C2E4009BA025 /* FeedImage.swift */,
			);
			path = Model;
			sourceTree = "<group>";
		};
		1EB30B422AB9C76A009BA025 /* ViewModel */ = {
			isa = PBXGroup;
			children = (
			);
			path = ViewModel;
			sourceTree = "<group>";
		};
		1ED8793A2AAB7F7900ED6D67 = {
			isa = PBXGroup;
			children = (
				1ED879452AAB7F7900ED6D67 /* UnsplashApp */,
				1ED879442AAB7F7900ED6D67 /* Products */,
			);
			sourceTree = "<group>";
		};
		1ED879442AAB7F7900ED6D67 /* Products */ = {
			isa = PBXGroup;
			children = (
				1ED879432AAB7F7900ED6D67 /* UnsplashApp.app */,
			);
			name = Products;
			sourceTree = "<group>";
		};
		1ED879452AAB7F7900ED6D67 /* UnsplashApp */ = {
			isa = PBXGroup;
			children = (
				1ED879682AAB83FB00ED6D67 /* Common */,
				1ED879672AAB83F400ED6D67 /* Resources */,
				1ED879552AAB82E200ED6D67 /* Scene */,
				1ED879542AAB82DB00ED6D67 /* App */,
				1ED8794C2AAB7F7A00ED6D67 /* Preview Content */,
			);
			path = UnsplashApp;
			sourceTree = "<group>";
		};
		1ED8794C2AAB7F7A00ED6D67 /* Preview Content */ = {
			isa = PBXGroup;
			children = (
				1ED8794D2AAB7F7A00ED6D67 /* Preview Assets.xcassets */,
			);
			path = "Preview Content";
			sourceTree = "<group>";
		};
		1ED879542AAB82DB00ED6D67 /* App */ = {
			isa = PBXGroup;
			children = (
				1ED879482AAB7F7900ED6D67 /* MainView.swift */,
				1ED879462AAB7F7900ED6D67 /* UnsplashAppApp.swift */,
			);
			path = App;
			sourceTree = "<group>";
		};
		1ED879552AAB82E200ED6D67 /* Scene */ = {
			isa = PBXGroup;
			children = (
				1ED8796C2AAB87F700ED6D67 /* Tab */,
				1ED879632AAB83C700ED6D67 /* Feed */,
				1ED8795F2AAB83A800ED6D67 /* Profile */,
				1ED8795B2AAB835400ED6D67 /* Favourite */,
				1ED879562AAB830800ED6D67 /* Login */,
			);
			path = Scene;
			sourceTree = "<group>";
		};
		1ED879562AAB830800ED6D67 /* Login */ = {
			isa = PBXGroup;
			children = (
				1ED879572AAB831800ED6D67 /* View */,
			);
			path = Login;
			sourceTree = "<group>";
		};
		1ED879572AAB831800ED6D67 /* View */ = {
			isa = PBXGroup;
			children = (
				1ED879592AAB833000ED6D67 /* LoginView.swift */,
			);
			path = View;
			sourceTree = "<group>";
		};
		1ED8795B2AAB835400ED6D67 /* Favourite */ = {
			isa = PBXGroup;
			children = (
				1ED8795C2AAB839200ED6D67 /* View */,
			);
			path = Favourite;
			sourceTree = "<group>";
		};
		1ED8795C2AAB839200ED6D67 /* View */ = {
			isa = PBXGroup;
			children = (
				1ED8795D2AAB83A000ED6D67 /* FavouriteView.swift */,
			);
			name = View;
			path = "VİEW";
			sourceTree = "<group>";
		};
		1ED8795F2AAB83A800ED6D67 /* Profile */ = {
			isa = PBXGroup;
			children = (
				1ED879602AAB83B200ED6D67 /* View */,
			);
			path = Profile;
			sourceTree = "<group>";
		};
		1ED879602AAB83B200ED6D67 /* View */ = {
			isa = PBXGroup;
			children = (
				1ED879612AAB83BD00ED6D67 /* ProfileView.swift */,
			);
			path = View;
			sourceTree = "<group>";
		};
		1ED879632AAB83C700ED6D67 /* Feed */ = {
			isa = PBXGroup;
			children = (
				1EB30B422AB9C76A009BA025 /* ViewModel */,
				1EB30B3F2AB9C2DE009BA025 /* Model */,
				1ED879642AAB83D900ED6D67 /* View */,
			);
			path = Feed;
			sourceTree = "<group>";
		};
		1ED879642AAB83D900ED6D67 /* View */ = {
			isa = PBXGroup;
			children = (
				1ED879652AAB83DF00ED6D67 /* FeedView.swift */,
			);
			path = View;
			sourceTree = "<group>";
		};
		1ED879672AAB83F400ED6D67 /* Resources */ = {
			isa = PBXGroup;
			children = (
				1ED8794A2AAB7F7A00ED6D67 /* Assets.xcassets */,
			);
			path = Resources;
			sourceTree = "<group>";
		};
		1ED879682AAB83FB00ED6D67 /* Common */ = {
			isa = PBXGroup;
			children = (
				1EB30B3C2AB9C130009BA025 /* Manager */,
				1ED879692AAB848300ED6D67 /* Constant */,
			);
			path = Common;
			sourceTree = "<group>";
		};
		1ED879692AAB848300ED6D67 /* Constant */ = {
			isa = PBXGroup;
			children = (
				1ED8796A2AAB848F00ED6D67 /* Constant.swift */,
			);
			path = Constant;
			sourceTree = "<group>";
		};
		1ED8796C2AAB87F700ED6D67 /* Tab */ = {
			isa = PBXGroup;
			children = (
				1ED8796D2AAB87FC00ED6D67 /* View */,
			);
			path = Tab;
			sourceTree = "<group>";
		};
		1ED8796D2AAB87FC00ED6D67 /* View */ = {
			isa = PBXGroup;
			children = (
				1ED8796E2AAB880600ED6D67 /* TabView.swift */,
			);
			path = View;
			sourceTree = "<group>";
		};
/* End PBXGroup section */

/* Begin PBXNativeTarget section */
		1ED879422AAB7F7900ED6D67 /* UnsplashApp */ = {
			isa = PBXNativeTarget;
			buildConfigurationList = 1ED879512AAB7F7A00ED6D67 /* Build configuration list for PBXNativeTarget "UnsplashApp" */;
			buildPhases = (
				1ED8793F2AAB7F7900ED6D67 /* Sources */,
				1ED879402AAB7F7900ED6D67 /* Frameworks */,
				1ED879412AAB7F7900ED6D67 /* Resources */,
			);
			buildRules = (
			);
			dependencies = (
			);
			name = UnsplashApp;
			packageProductDependencies = (
				1EB30B302AB9BF7F009BA025 /* Nuke */,
				1EB30B322AB9BF7F009BA025 /* NukeExtensions */,
				1EB30B342AB9BF7F009BA025 /* NukeUI */,
				1EB30B372AB9BFBD009BA025 /* Alamofire */,
			);
			productName = UnsplashApp;
			productReference = 1ED879432AAB7F7900ED6D67 /* UnsplashApp.app */;
			productType = "com.apple.product-type.application";
		};
/* End PBXNativeTarget section */

/* Begin PBXProject section */
		1ED8793B2AAB7F7900ED6D67 /* Project object */ = {
			isa = PBXProject;
			attributes = {
				BuildIndependentTargetsInParallel = 1;
				LastSwiftUpdateCheck = 1430;
				LastUpgradeCheck = 1430;
				TargetAttributes = {
					1ED879422AAB7F7900ED6D67 = {
						CreatedOnToolsVersion = 14.3.1;
					};
				};
			};
			buildConfigurationList = 1ED8793E2AAB7F7900ED6D67 /* Build configuration list for PBXProject "UnsplashApp" */;
			compatibilityVersion = "Xcode 14.0";
			developmentRegion = en;
			hasScannedForEncodings = 0;
			knownRegions = (
				en,
				Base,
			);
			mainGroup = 1ED8793A2AAB7F7900ED6D67;
			packageReferences = (
				1EB30B2F2AB9BF7F009BA025 /* XCRemoteSwiftPackageReference "Nuke" */,
				1EB30B362AB9BFBD009BA025 /* XCRemoteSwiftPackageReference "Alamofire" */,
			);
			productRefGroup = 1ED879442AAB7F7900ED6D67 /* Products */;
			projectDirPath = "";
			projectRoot = "";
			targets = (
				1ED879422AAB7F7900ED6D67 /* UnsplashApp */,
			);
		};
/* End PBXProject section */

/* Begin PBXResourcesBuildPhase section */
		1ED879412AAB7F7900ED6D67 /* Resources */ = {
			isa = PBXResourcesBuildPhase;
			buildActionMask = 2147483647;
			files = (
				1ED8794E2AAB7F7A00ED6D67 /* Preview Assets.xcassets in Resources */,
				1ED8794B2AAB7F7A00ED6D67 /* Assets.xcassets in Resources */,
			);
			runOnlyForDeploymentPostprocessing = 0;
		};
/* End PBXResourcesBuildPhase section */

/* Begin PBXSourcesBuildPhase section */
		1ED8793F2AAB7F7900ED6D67 /* Sources */ = {
			isa = PBXSourcesBuildPhase;
			buildActionMask = 2147483647;
			files = (
				1EB30B412AB9C2E4009BA025 /* FeedImage.swift in Sources */,
				1ED8796B2AAB848F00ED6D67 /* Constant.swift in Sources */,
				1ED8795A2AAB833000ED6D67 /* LoginView.swift in Sources */,
				1ED8796F2AAB880600ED6D67 /* TabView.swift in Sources */,
				1ED879492AAB7F7900ED6D67 /* MainView.swift in Sources */,
				1ED879622AAB83BD00ED6D67 /* ProfileView.swift in Sources */,
				1ED8795E2AAB83A000ED6D67 /* FavouriteView.swift in Sources */,
				1ED879662AAB83DF00ED6D67 /* FeedView.swift in Sources */,
				1ED879472AAB7F7900ED6D67 /* UnsplashAppApp.swift in Sources */,
				1EB30B3E2AB9C140009BA025 /* FeedViewImageManager.swift in Sources */,
			);
			runOnlyForDeploymentPostprocessing = 0;
		};
/* End PBXSourcesBuildPhase section */

/* Begin XCBuildConfiguration section */
		1ED8794F2AAB7F7A00ED6D67 /* Debug */ = {
			isa = XCBuildConfiguration;
			buildSettings = {
				ALWAYS_SEARCH_USER_PATHS = NO;
				CLANG_ANALYZER_NONNULL = YES;
				CLANG_ANALYZER_NUMBER_OBJECT_CONVERSION = YES_AGGRESSIVE;
				CLANG_CXX_LANGUAGE_STANDARD = "gnu++20";
				CLANG_ENABLE_MODULES = YES;
				CLANG_ENABLE_OBJC_ARC = YES;
				CLANG_ENABLE_OBJC_WEAK = YES;
				CLANG_WARN_BLOCK_CAPTURE_AUTORELEASING = YES;
				CLANG_WARN_BOOL_CONVERSION = YES;
				CLANG_WARN_COMMA = YES;
				CLANG_WARN_CONSTANT_CONVERSION = YES;
				CLANG_WARN_DEPRECATED_OBJC_IMPLEMENTATIONS = YES;
				CLANG_WARN_DIRECT_OBJC_ISA_USAGE = YES_ERROR;
				CLANG_WARN_DOCUMENTATION_COMMENTS = YES;
				CLANG_WARN_EMPTY_BODY = YES;
				CLANG_WARN_ENUM_CONVERSION = YES;
				CLANG_WARN_INFINITE_RECURSION = YES;
				CLANG_WARN_INT_CONVERSION = YES;
				CLANG_WARN_NON_LITERAL_NULL_CONVERSION = YES;
				CLANG_WARN_OBJC_IMPLICIT_RETAIN_SELF = YES;
				CLANG_WARN_OBJC_LITERAL_CONVERSION = YES;
				CLANG_WARN_OBJC_ROOT_CLASS = YES_ERROR;
				CLANG_WARN_QUOTED_INCLUDE_IN_FRAMEWORK_HEADER = YES;
				CLANG_WARN_RANGE_LOOP_ANALYSIS = YES;
				CLANG_WARN_STRICT_PROTOTYPES = YES;
				CLANG_WARN_SUSPICIOUS_MOVE = YES;
				CLANG_WARN_UNGUARDED_AVAILABILITY = YES_AGGRESSIVE;
				CLANG_WARN_UNREACHABLE_CODE = YES;
				CLANG_WARN__DUPLICATE_METHOD_MATCH = YES;
				COPY_PHASE_STRIP = NO;
				DEBUG_INFORMATION_FORMAT = dwarf;
				ENABLE_STRICT_OBJC_MSGSEND = YES;
				ENABLE_TESTABILITY = YES;
				GCC_C_LANGUAGE_STANDARD = gnu11;
				GCC_DYNAMIC_NO_PIC = NO;
				GCC_NO_COMMON_BLOCKS = YES;
				GCC_OPTIMIZATION_LEVEL = 0;
				GCC_PREPROCESSOR_DEFINITIONS = (
					"DEBUG=1",
					"$(inherited)",
				);
				GCC_WARN_64_TO_32_BIT_CONVERSION = YES;
				GCC_WARN_ABOUT_RETURN_TYPE = YES_ERROR;
				GCC_WARN_UNDECLARED_SELECTOR = YES;
				GCC_WARN_UNINITIALIZED_AUTOS = YES_AGGRESSIVE;
				GCC_WARN_UNUSED_FUNCTION = YES;
				GCC_WARN_UNUSED_VARIABLE = YES;
				IPHONEOS_DEPLOYMENT_TARGET = 16.4;
				MTL_ENABLE_DEBUG_INFO = INCLUDE_SOURCE;
				MTL_FAST_MATH = YES;
				ONLY_ACTIVE_ARCH = YES;
				SDKROOT = iphoneos;
				SWIFT_ACTIVE_COMPILATION_CONDITIONS = DEBUG;
				SWIFT_OPTIMIZATION_LEVEL = "-Onone";
			};
			name = Debug;
		};
		1ED879502AAB7F7A00ED6D67 /* Release */ = {
			isa = XCBuildConfiguration;
			buildSettings = {
				ALWAYS_SEARCH_USER_PATHS = NO;
				CLANG_ANALYZER_NONNULL = YES;
				CLANG_ANALYZER_NUMBER_OBJECT_CONVERSION = YES_AGGRESSIVE;
				CLANG_CXX_LANGUAGE_STANDARD = "gnu++20";
				CLANG_ENABLE_MODULES = YES;
				CLANG_ENABLE_OBJC_ARC = YES;
				CLANG_ENABLE_OBJC_WEAK = YES;
				CLANG_WARN_BLOCK_CAPTURE_AUTORELEASING = YES;
				CLANG_WARN_BOOL_CONVERSION = YES;
				CLANG_WARN_COMMA = YES;
				CLANG_WARN_CONSTANT_CONVERSION = YES;
				CLANG_WARN_DEPRECATED_OBJC_IMPLEMENTATIONS = YES;
				CLANG_WARN_DIRECT_OBJC_ISA_USAGE = YES_ERROR;
				CLANG_WARN_DOCUMENTATION_COMMENTS = YES;
				CLANG_WARN_EMPTY_BODY = YES;
				CLANG_WARN_ENUM_CONVERSION = YES;
				CLANG_WARN_INFINITE_RECURSION = YES;
				CLANG_WARN_INT_CONVERSION = YES;
				CLANG_WARN_NON_LITERAL_NULL_CONVERSION = YES;
				CLANG_WARN_OBJC_IMPLICIT_RETAIN_SELF = YES;
				CLANG_WARN_OBJC_LITERAL_CONVERSION = YES;
				CLANG_WARN_OBJC_ROOT_CLASS = YES_ERROR;
				CLANG_WARN_QUOTED_INCLUDE_IN_FRAMEWORK_HEADER = YES;
				CLANG_WARN_RANGE_LOOP_ANALYSIS = YES;
				CLANG_WARN_STRICT_PROTOTYPES = YES;
				CLANG_WARN_SUSPICIOUS_MOVE = YES;
				CLANG_WARN_UNGUARDED_AVAILABILITY = YES_AGGRESSIVE;
				CLANG_WARN_UNREACHABLE_CODE = YES;
				CLANG_WARN__DUPLICATE_METHOD_MATCH = YES;
				COPY_PHASE_STRIP = NO;
				DEBUG_INFORMATION_FORMAT = "dwarf-with-dsym";
				ENABLE_NS_ASSERTIONS = NO;
				ENABLE_STRICT_OBJC_MSGSEND = YES;
				GCC_C_LANGUAGE_STANDARD = gnu11;
				GCC_NO_COMMON_BLOCKS = YES;
				GCC_WARN_64_TO_32_BIT_CONVERSION = YES;
				GCC_WARN_ABOUT_RETURN_TYPE = YES_ERROR;
				GCC_WARN_UNDECLARED_SELECTOR = YES;
				GCC_WARN_UNINITIALIZED_AUTOS = YES_AGGRESSIVE;
				GCC_WARN_UNUSED_FUNCTION = YES;
				GCC_WARN_UNUSED_VARIABLE = YES;
				IPHONEOS_DEPLOYMENT_TARGET = 16.4;
				MTL_ENABLE_DEBUG_INFO = NO;
				MTL_FAST_MATH = YES;
				SDKROOT = iphoneos;
				SWIFT_COMPILATION_MODE = wholemodule;
				SWIFT_OPTIMIZATION_LEVEL = "-O";
				VALIDATE_PRODUCT = YES;
			};
			name = Release;
		};
		1ED879522AAB7F7A00ED6D67 /* Debug */ = {
			isa = XCBuildConfiguration;
			buildSettings = {
				ASSETCATALOG_COMPILER_APPICON_NAME = AppIcon;
				ASSETCATALOG_COMPILER_GLOBAL_ACCENT_COLOR_NAME = AccentColor;
				CODE_SIGN_STYLE = Automatic;
				CURRENT_PROJECT_VERSION = 1;
				DEVELOPMENT_ASSET_PATHS = "\"UnsplashApp/Preview Content\"";
				DEVELOPMENT_TEAM = KSGZPL6D9M;
				ENABLE_PREVIEWS = YES;
				GENERATE_INFOPLIST_FILE = YES;
				INFOPLIST_KEY_UIApplicationSceneManifest_Generation = YES;
				INFOPLIST_KEY_UIApplicationSupportsIndirectInputEvents = YES;
				INFOPLIST_KEY_UILaunchScreen_Generation = YES;
				INFOPLIST_KEY_UISupportedInterfaceOrientations_iPad = "UIInterfaceOrientationPortrait UIInterfaceOrientationPortraitUpsideDown UIInterfaceOrientationLandscapeLeft UIInterfaceOrientationLandscapeRight";
				INFOPLIST_KEY_UISupportedInterfaceOrientations_iPhone = "UIInterfaceOrientationPortrait UIInterfaceOrientationLandscapeLeft UIInterfaceOrientationLandscapeRight";
				LD_RUNPATH_SEARCH_PATHS = (
					"$(inherited)",
					"@executable_path/Frameworks",
				);
				MARKETING_VERSION = 1.0;
				PRODUCT_BUNDLE_IDENTIFIER = com.ozbagdatli.UnsplashApp;
				PRODUCT_NAME = "$(TARGET_NAME)";
				SWIFT_EMIT_LOC_STRINGS = YES;
				SWIFT_VERSION = 5.0;
				TARGETED_DEVICE_FAMILY = "1,2";
			};
			name = Debug;
		};
		1ED879532AAB7F7A00ED6D67 /* Release */ = {
			isa = XCBuildConfiguration;
			buildSettings = {
				ASSETCATALOG_COMPILER_APPICON_NAME = AppIcon;
				ASSETCATALOG_COMPILER_GLOBAL_ACCENT_COLOR_NAME = AccentColor;
				CODE_SIGN_STYLE = Automatic;
				CURRENT_PROJECT_VERSION = 1;
				DEVELOPMENT_ASSET_PATHS = "\"UnsplashApp/Preview Content\"";
				DEVELOPMENT_TEAM = KSGZPL6D9M;
				ENABLE_PREVIEWS = YES;
				GENERATE_INFOPLIST_FILE = YES;
				INFOPLIST_KEY_UIApplicationSceneManifest_Generation = YES;
				INFOPLIST_KEY_UIApplicationSupportsIndirectInputEvents = YES;
				INFOPLIST_KEY_UILaunchScreen_Generation = YES;
				INFOPLIST_KEY_UISupportedInterfaceOrientations_iPad = "UIInterfaceOrientationPortrait UIInterfaceOrientationPortraitUpsideDown UIInterfaceOrientationLandscapeLeft UIInterfaceOrientationLandscapeRight";
				INFOPLIST_KEY_UISupportedInterfaceOrientations_iPhone = "UIInterfaceOrientationPortrait UIInterfaceOrientationLandscapeLeft UIInterfaceOrientationLandscapeRight";
				LD_RUNPATH_SEARCH_PATHS = (
					"$(inherited)",
					"@executable_path/Frameworks",
				);
				MARKETING_VERSION = 1.0;
				PRODUCT_BUNDLE_IDENTIFIER = com.ozbagdatli.UnsplashApp;
				PRODUCT_NAME = "$(TARGET_NAME)";
				SWIFT_EMIT_LOC_STRINGS = YES;
				SWIFT_VERSION = 5.0;
				TARGETED_DEVICE_FAMILY = "1,2";
			};
			name = Release;
		};
/* End XCBuildConfiguration section */

/* Begin XCConfigurationList section */
		1ED8793E2AAB7F7900ED6D67 /* Build configuration list for PBXProject "UnsplashApp" */ = {
			isa = XCConfigurationList;
			buildConfigurations = (
				1ED8794F2AAB7F7A00ED6D67 /* Debug */,
				1ED879502AAB7F7A00ED6D67 /* Release */,
			);
			defaultConfigurationIsVisible = 0;
			defaultConfigurationName = Release;
		};
		1ED879512AAB7F7A00ED6D67 /* Build configuration list for PBXNativeTarget "UnsplashApp" */ = {
			isa = XCConfigurationList;
			buildConfigurations = (
				1ED879522AAB7F7A00ED6D67 /* Debug */,
				1ED879532AAB7F7A00ED6D67 /* Release */,
			);
			defaultConfigurationIsVisible = 0;
			defaultConfigurationName = Release;
		};
/* End XCConfigurationList section */

/* Begin XCRemoteSwiftPackageReference section */
		1EB30B2F2AB9BF7F009BA025 /* XCRemoteSwiftPackageReference "Nuke" */ = {
			isa = XCRemoteSwiftPackageReference;
			repositoryURL = "https://github.com/kean/Nuke";
			requirement = {
				kind = upToNextMajorVersion;
				minimumVersion = 12.0.0;
			};
		};
		1EB30B362AB9BFBD009BA025 /* XCRemoteSwiftPackageReference "Alamofire" */ = {
			isa = XCRemoteSwiftPackageReference;
			repositoryURL = "https://github.com/Alamofire/Alamofire";
			requirement = {
				kind = upToNextMajorVersion;
				minimumVersion = 5.0.0;
			};
		};
/* End XCRemoteSwiftPackageReference section */

/* Begin XCSwiftPackageProductDependency section */
		1EB30B302AB9BF7F009BA025 /* Nuke */ = {
			isa = XCSwiftPackageProductDependency;
			package = 1EB30B2F2AB9BF7F009BA025 /* XCRemoteSwiftPackageReference "Nuke" */;
			productName = Nuke;
		};
		1EB30B322AB9BF7F009BA025 /* NukeExtensions */ = {
			isa = XCSwiftPackageProductDependency;
			package = 1EB30B2F2AB9BF7F009BA025 /* XCRemoteSwiftPackageReference "Nuke" */;
			productName = NukeExtensions;
		};
		1EB30B342AB9BF7F009BA025 /* NukeUI */ = {
			isa = XCSwiftPackageProductDependency;
			package = 1EB30B2F2AB9BF7F009BA025 /* XCRemoteSwiftPackageReference "Nuke" */;
			productName = NukeUI;
		};
		1EB30B372AB9BFBD009BA025 /* Alamofire */ = {
			isa = XCSwiftPackageProductDependency;
			package = 1EB30B362AB9BFBD009BA025 /* XCRemoteSwiftPackageReference "Alamofire" */;
			productName = Alamofire;
		};
/* End XCSwiftPackageProductDependency section */
	};
	rootObject = 1ED8793B2AAB7F7900ED6D67 /* Project object */;
}
